{
  "name": "blazorproject.client",
  "version": "1.0.0",
  "lockfileVersion": 3,
  "requires": true,
  "packages": {
    "": {
      "name": "blazorproject.client",
      "version": "1.0.0",
      "license": "ISC",
      "dependencies": {
        "@github/markdown-toolbar-element": "^2.2.3"
      }
    },
    "node_modules/@github/markdown-toolbar-element": {
      "version": "2.2.3",
      "resolved": "https://registry.npmjs.org/@github/markdown-toolbar-element/-/markdown-toolbar-element-2.2.3.tgz",
      "integrity": "sha512-AlquKGee+IWiAMYVB0xyHFZRMnu4n3X4HTvJHu79GiVJ1ojTukCWyxMlF5NMsecoLcBKsuBhx3QPv2vkE/zQ0A==",
      "license": "MIT"
    }
  }
}
